
Microsoft Visual Studio Solution File, Format Version 12.00
# Visual Studio Version 17
VisualStudioVersion = 17.13.35913.81 d17.13
MinimumVisualStudioVersion = 10.0.40219.1
Project("{FAE04EC0-301F-11D3-BF4B-00C04F79EFBC}") = "BitcoinKälkulätorMelKosk", "BitcoinKälkulätorMelKosk\BitcoinKälkulätorMelKosk.csproj", "{C346E43C-AD96-409A-91D5-9FB755EC8374}"
EndProject
Global
	GlobalSection(SolutionConfigurationPlatforms) = preSolution
		Debug|Any CPU = Debug|Any CPU
		Release|Any CPU = Release|Any CPU
	EndGlobalSection
	GlobalSection(ProjectConfigurationPlatforms) = postSolution
		{C346E43C-AD96-409A-91D5-9FB755EC8374}.Debug|Any CPU.ActiveCfg = Debug|Any CPU
		{C346E43C-AD96-409A-91D5-9FB755EC8374}.Debug|Any CPU.Build.0 = Debug|Any CPU
		{C346E43C-AD96-409A-91D5-9FB755EC8374}.Release|Any CPU.ActiveCfg = Release|Any CPU
		{C346E43C-AD96-409A-91D5-9FB755EC8374}.Release|Any CPU.Build.0 = Release|Any CPU
	EndGlobalSection
	GlobalSection(SolutionProperties) = preSolution
		HideSolutionNode = FALSE
	EndGlobalSection
	GlobalSection(ExtensibilityGlobals) = postSolution
		SolutionGuid = {B43672FA-EE65-4D50-8B7B-8828B9B6AC12}
	EndGlobalSection
EndGlobal
